
Microsoft Visual Studio Solution File, Format Version 12.00
# Visual Studio Version 17
VisualStudioVersion = 17.14.36511.14 d17.14
MinimumVisualStudioVersion = 10.0.40219.1
Project("{FAE04EC0-301F-11D3-BF4B-00C04F79EFBC}") = "First.API", "First.API\First.API.csproj", "{583BF5F3-1EF9-493F-8EE0-5FC86BE83A4A}"
EndProject
Global
	GlobalSection(SolutionConfigurationPlatforms) = preSolution
		Debug|Any CPU = Debug|Any CPU
		Release|Any CPU = Release|Any CPU
	EndGlobalSection
	GlobalSection(ProjectConfigurationPlatforms) = postSolution
		{583BF5F3-1EF9-493F-8EE0-5FC86BE83A4A}.Debug|Any CPU.ActiveCfg = Debug|Any CPU
		{583BF5F3-1EF9-493F-8EE0-5FC86BE83A4A}.Debug|Any CPU.Build.0 = Debug|Any CPU
		{583BF5F3-1EF9-493F-8EE0-5FC86BE83A4A}.Release|Any CPU.ActiveCfg = Release|Any CPU
		{583BF5F3-1EF9-493F-8EE0-5FC86BE83A4A}.Release|Any CPU.Build.0 = Release|Any CPU
	EndGlobalSection
	GlobalSection(SolutionProperties) = preSolution
		HideSolutionNode = FALSE
	EndGlobalSection
	GlobalSection(ExtensibilityGlobals) = postSolution
		SolutionGuid = {A06A1064-3627-427C-8AEA-B285475A4CCB}
	EndGlobalSection
EndGlobal
